
Microsoft Visual Studio Solution File, Format Version 12.00
# Visual Studio Version 17
VisualStudioVersion = 17.10.35013.160
MinimumVisualStudioVersion = 10.0.40219.1
Project("{FAE04EC0-301F-11D3-BF4B-00C04F79EFBC}") = "Ave maria", "Ave maria.csproj", "{CA4B40CF-1672-46BC-9CCF-D5E3283667BD}"
EndProject
Global
	GlobalSection(SolutionConfigurationPlatforms) = preSolution
		Debug|Any CPU = Debug|Any CPU
		Release|Any CPU = Release|Any CPU
	EndGlobalSection
	GlobalSection(ProjectConfigurationPlatforms) = postSolution
		{CA4B40CF-1672-46BC-9CCF-D5E3283667BD}.Debug|Any CPU.ActiveCfg = Debug|Any CPU
		{CA4B40CF-1672-46BC-9CCF-D5E3283667BD}.Debug|Any CPU.Build.0 = Debug|Any CPU
		{CA4B40CF-1672-46BC-9CCF-D5E3283667BD}.Release|Any CPU.ActiveCfg = Release|Any CPU
		{CA4B40CF-1672-46BC-9CCF-D5E3283667BD}.Release|Any CPU.Build.0 = Release|Any CPU
	EndGlobalSection
	GlobalSection(SolutionProperties) = preSolution
		HideSolutionNode = FALSE
	EndGlobalSection
	GlobalSection(ExtensibilityGlobals) = postSolution
		SolutionGuid = {5DD2887B-6CF2-43C3-A3D0-108800C97A6A}
	EndGlobalSection
EndGlobal
